// !$*UTF8*$!
{
	archiveVersion = 1;
	classes = {
	};
	objectVersion = 50;
	objects = {

/* Begin PBXBuildFile section */
		708FBB6227056E030099BBAD /* Simple_Damage_CalcApp.swift in Sources */ = {isa = PBXBuildFile; fileRef = 708FBB6127056E030099BBAD /* Simple_Damage_CalcApp.swift */; };
		708FBB6427056E030099BBAD /* ContentView.swift in Sources */ = {isa = PBXBuildFile; fileRef = 708FBB6327056E030099BBAD /* ContentView.swift */; };
		708FBB6627056E070099BBAD /* Assets.xcassets in Resources */ = {isa = PBXBuildFile; fileRef = 708FBB6527056E070099BBAD /* Assets.xcassets */; };
		708FBB6927056E070099BBAD /* Preview Assets.xcassets in Resources */ = {isa = PBXBuildFile; fileRef = 708FBB6827056E070099BBAD /* Preview Assets.xcassets */; };
		70C1161827477F9000CC0BB2 /* PrimogemView.swift in Sources */ = {isa = PBXBuildFile; fileRef = 70C1161727477F8F00CC0BB2 /* PrimogemView.swift */; };
		70C1161A27477FA500CC0BB2 /* MainView.swift in Sources */ = {isa = PBXBuildFile; fileRef = 70C1161927477FA500CC0BB2 /* MainView.swift */; };
/* End PBXBuildFile section */

/* Begin PBXFileReference section */
		708FBB5E27056E030099BBAD /* Simple Damage Calc.app */ = {isa = PBXFileReference; explicitFileType = wrapper.application; includeInIndex = 0; path = "Simple Damage Calc.app"; sourceTree = BUILT_PRODUCTS_DIR; };
		708FBB6127056E030099BBAD /* Simple_Damage_CalcApp.swift */ = {isa = PBXFileReference; lastKnownFileType = sourcecode.swift; path = Simple_Damage_CalcApp.swift; sourceTree = "<group>"; };
		708FBB6327056E030099BBAD /* ContentView.swift */ = {isa = PBXFileReference; lastKnownFileType = sourcecode.swift; path = ContentView.swift; sourceTree = "<group>"; };
		708FBB6527056E070099BBAD /* Assets.xcassets */ = {isa = PBXFileReference; lastKnownFileType = folder.assetcatalog; path = Assets.xcassets; sourceTree = "<group>"; };
		708FBB6827056E070099BBAD /* Preview Assets.xcassets */ = {isa = PBXFileReference; lastKnownFileType = folder.assetcatalog; path = "Preview Assets.xcassets"; sourceTree = "<group>"; };
		708FBB6A27056E070099BBAD /* Info.plist */ = {isa = PBXFileReference; lastKnownFileType = text.plist.xml; path = Info.plist; sourceTree = "<group>"; };
		70C1161727477F8F00CC0BB2 /* PrimogemView.swift */ = {isa = PBXFileReference; fileEncoding = 4; lastKnownFileType = sourcecode.swift; path = PrimogemView.swift; sourceTree = "<group>"; };
		70C1161927477FA500CC0BB2 /* MainView.swift */ = {isa = PBXFileReference; lastKnownFileType = sourcecode.swift; path = MainView.swift; sourceTree = "<group>"; };
/* End PBXFileReference section */

/* Begin PBXFrameworksBuildPhase section */
		708FBB5B27056E030099BBAD /* Frameworks */ = {
			isa = PBXFrameworksBuildPhase;
			buildActionMask = 2147483647;
			files = (
			);
			runOnlyForDeploymentPostprocessing = 0;
		};
/* End PBXFrameworksBuildPhase section */

/* Begin PBXGroup section */
		708FBB5527056E030099BBAD = {
			isa = PBXGroup;
			children = (
				708FBB6027056E030099BBAD /* Simple Damage Calc */,
				708FBB5F27056E030099BBAD /* Products */,
			);
			sourceTree = "<group>";
		};
		708FBB5F27056E030099BBAD /* Products */ = {
			isa = PBXGroup;
			children = (
				708FBB5E27056E030099BBAD /* Simple Damage Calc.app */,
			);
			name = Products;
			sourceTree = "<group>";
		};
		708FBB6027056E030099BBAD /* Simple Damage Calc */ = {
			isa = PBXGroup;
			children = (
				708FBB6127056E030099BBAD /* Simple_Damage_CalcApp.swift */,
				70C1161927477FA500CC0BB2 /* MainView.swift */,
				708FBB6327056E030099BBAD /* ContentView.swift */,
				70C1161727477F8F00CC0BB2 /* PrimogemView.swift */,
				708FBB6527056E070099BBAD /* Assets.xcassets */,
				708FBB6A27056E070099BBAD /* Info.plist */,
				708FBB6727056E070099BBAD /* Preview Content */,
			);
			path = "Simple Damage Calc";
			sourceTree = "<group>";
		};
		708FBB6727056E070099BBAD /* Preview Content */ = {
			isa = PBXGroup;
			children = (
				708FBB6827056E070099BBAD /* Preview Assets.xcassets */,
			);
			path = "Preview Content";
			sourceTree = "<group>";
		};
/* End PBXGroup section */

/* Begin PBXNativeTarget section */
		708FBB5D27056E030099BBAD /* Simple Damage Calc */ = {
			isa = PBXNativeTarget;
			buildConfigurationList = 708FBB6D27056E070099BBAD /* Build configuration list for PBXNativeTarget "Simple Damage Calc" */;
			buildPhases = (
				708FBB5A27056E030099BBAD /* Sources */,
				708FBB5B27056E030099BBAD /* Frameworks */,
				708FBB5C27056E030099BBAD /* Resources */,
			);
			buildRules = (
			);
			dependencies = (
			);
			name = "Simple Damage Calc";
			productName = "Simple Damage Calc";
			productReference = 708FBB5E27056E030099BBAD /* Simple Damage Calc.app */;
			productType = "com.apple.product-type.application";
		};
/* End PBXNativeTarget section */

/* Begin PBXProject section */
		708FBB5627056E030099BBAD /* Project object */ = {
			isa = PBXProject;
			attributes = {
				LastSwiftUpdateCheck = 1250;
				LastUpgradeCheck = 1250;
				TargetAttributes = {
					708FBB5D27056E030099BBAD = {
						CreatedOnToolsVersion = 12.5.1;
					};
				};
			};
			buildConfigurationList = 708FBB5927056E030099BBAD /* Build configuration list for PBXProject "Simple Damage Calc" */;
			compatibilityVersion = "Xcode 9.3";
			developmentRegion = en;
			hasScannedForEncodings = 0;
			knownRegions = (
				en,
				Base,
			);
			mainGroup = 708FBB5527056E030099BBAD;
			productRefGroup = 708FBB5F27056E030099BBAD /* Products */;
			projectDirPath = "";
			projectRoot = "";
			targets = (
				708FBB5D27056E030099BBAD /* Simple Damage Calc */,
			);
		};
/* End PBXProject section */

/* Begin PBXResourcesBuildPhase section */
		708FBB5C27056E030099BBAD /* Resources */ = {
			isa = PBXResourcesBuildPhase;
			buildActionMask = 2147483647;
			files = (
				708FBB6927056E070099BBAD /* Preview Assets.xcassets in Resources */,
				708FBB6627056E070099BBAD /* Assets.xcassets in Resources */,
			);
			runOnlyForDeploymentPostprocessing = 0;
		};
/* End PBXResourcesBuildPhase section */

/* Begin PBXSourcesBuildPhase section */
		708FBB5A27056E030099BBAD /* Sources */ = {
			isa = PBXSourcesBuildPhase;
			buildActionMask = 2147483647;
			files = (
				708FBB6427056E030099BBAD /* ContentView.swift in Sources */,
				70C1161A27477FA500CC0BB2 /* MainView.swift in Sources */,
				70C1161827477F9000CC0BB2 /* PrimogemView.swift in Sources */,
				708FBB6227056E030099BBAD /* Simple_Damage_CalcApp.swift in Sources */,
			);
			runOnlyForDeploymentPostprocessing = 0;
		};
/* End PBXSourcesBuildPhase section */

/* Begin XCBuildConfiguration section */
		708FBB6B27056E070099BBAD /* Debug */ = {
			isa = XCBuildConfiguration;
			buildSettings = {
				ALWAYS_SEARCH_USER_PATHS = NO;
				CLANG_ANALYZER_NONNULL = YES;
				CLANG_ANALYZER_NUMBER_OBJECT_CONVERSION = YES_AGGRESSIVE;
				CLANG_CXX_LANGUAGE_STANDARD = "gnu++14";
				CLANG_CXX_LIBRARY = "libc++";
				CLANG_ENABLE_MODULES = YES;
				CLANG_ENABLE_OBJC_ARC = YES;
				CLANG_ENABLE_OBJC_WEAK = YES;
				CLANG_WARN_BLOCK_CAPTURE_AUTORELEASING = YES;
				CLANG_WARN_BOOL_CONVERSION = YES;
				CLANG_WARN_COMMA = YES;
				CLANG_WARN_CONSTANT_CONVERSION = YES;
				CLANG_WARN_DEPRECATED_OBJC_IMPLEMENTATIONS = YES;
				CLANG_WARN_DIRECT_OBJC_ISA_USAGE = YES_ERROR;
				CLANG_WARN_DOCUMENTATION_COMMENTS = YES;
				CLANG_WARN_EMPTY_BODY = YES;
				CLANG_WARN_ENUM_CONVERSION = YES;
				CLANG_WARN_INFINITE_RECURSION = YES;
				CLANG_WARN_INT_CONVERSION = YES;
				CLANG_WARN_NON_LITERAL_NULL_CONVERSION = YES;
				CLANG_WARN_OBJC_IMPLICIT_RETAIN_SELF = YES;
				CLANG_WARN_OBJC_LITERAL_CONVERSION = YES;
				CLANG_WARN_OBJC_ROOT_CLASS = YES_ERROR;
				CLANG_WARN_QUOTED_INCLUDE_IN_FRAMEWORK_HEADER = YES;
				CLANG_WARN_RANGE_LOOP_ANALYSIS = YES;
				CLANG_WARN_STRICT_PROTOTYPES = YES;
				CLANG_WARN_SUSPICIOUS_MOVE = YES;
				CLANG_WARN_UNGUARDED_AVAILABILITY = YES_AGGRESSIVE;
				CLANG_WARN_UNREACHABLE_CODE = YES;
				CLANG_WARN__DUPLICATE_METHOD_MATCH = YES;
				COPY_PHASE_STRIP = NO;
				DEBUG_INFORMATION_FORMAT = dwarf;
				ENABLE_STRICT_OBJC_MSGSEND = YES;
				ENABLE_TESTABILITY = YES;
				GCC_C_LANGUAGE_STANDARD = gnu11;
				GCC_DYNAMIC_NO_PIC = NO;
				GCC_NO_COMMON_BLOCKS = YES;
				GCC_OPTIMIZATION_LEVEL = 0;
				GCC_PREPROCESSOR_DEFINITIONS = (
					"DEBUG=1",
					"$(inherited)",
				);
				GCC_WARN_64_TO_32_BIT_CONVERSION = YES;
				GCC_WARN_ABOUT_RETURN_TYPE = YES_ERROR;
				GCC_WARN_UNDECLARED_SELECTOR = YES;
				GCC_WARN_UNINITIALIZED_AUTOS = YES_AGGRESSIVE;
				GCC_WARN_UNUSED_FUNCTION = YES;
				GCC_WARN_UNUSED_VARIABLE = YES;
				IPHONEOS_DEPLOYMENT_TARGET = 14.5;
				MTL_ENABLE_DEBUG_INFO = INCLUDE_SOURCE;
				MTL_FAST_MATH = YES;
				ONLY_ACTIVE_ARCH = YES;
				SDKROOT = iphoneos;
				SWIFT_ACTIVE_COMPILATION_CONDITIONS = DEBUG;
				SWIFT_OPTIMIZATION_LEVEL = "-Onone";
			};
			name = Debug;
		};
		708FBB6C27056E070099BBAD /* Release */ = {
			isa = XCBuildConfiguration;
			buildSettings = {
				ALWAYS_SEARCH_USER_PATHS = NO;
				CLANG_ANALYZER_NONNULL = YES;
				CLANG_ANALYZER_NUMBER_OBJECT_CONVERSION = YES_AGGRESSIVE;
				CLANG_CXX_LANGUAGE_STANDARD = "gnu++14";
				CLANG_CXX_LIBRARY = "libc++";
				CLANG_ENABLE_MODULES = YES;
				CLANG_ENABLE_OBJC_ARC = YES;
				CLANG_ENABLE_OBJC_WEAK = YES;
				CLANG_WARN_BLOCK_CAPTURE_AUTORELEASING = YES;
				CLANG_WARN_BOOL_CONVERSION = YES;
				CLANG_WARN_COMMA = YES;
				CLANG_WARN_CONSTANT_CONVERSION = YES;
				CLANG_WARN_DEPRECATED_OBJC_IMPLEMENTATIONS = YES;
				CLANG_WARN_DIRECT_OBJC_ISA_USAGE = YES_ERROR;
				CLANG_WARN_DOCUMENTATION_COMMENTS = YES;
				CLANG_WARN_EMPTY_BODY = YES;
				CLANG_WARN_ENUM_CONVERSION = YES;
				CLANG_WARN_INFINITE_RECURSION = YES;
				CLANG_WARN_INT_CONVERSION = YES;
				CLANG_WARN_NON_LITERAL_NULL_CONVERSION = YES;
				CLANG_WARN_OBJC_IMPLICIT_RETAIN_SELF = YES;
				CLANG_WARN_OBJC_LITERAL_CONVERSION = YES;
				CLANG_WARN_OBJC_ROOT_CLASS = YES_ERROR;
				CLANG_WARN_QUOTED_INCLUDE_IN_FRAMEWORK_HEADER = YES;
				CLANG_WARN_RANGE_LOOP_ANALYSIS = YES;
				CLANG_WARN_STRICT_PROTOTYPES = YES;
				CLANG_WARN_SUSPICIOUS_MOVE = YES;
				CLANG_WARN_UNGUARDED_AVAILABILITY = YES_AGGRESSIVE;
				CLANG_WARN_UNREACHABLE_CODE = YES;
				CLANG_WARN__DUPLICATE_METHOD_MATCH = YES;
				COPY_PHASE_STRIP = NO;
				DEBUG_INFORMATION_FORMAT = "dwarf-with-dsym";
				ENABLE_NS_ASSERTIONS = NO;
				ENABLE_STRICT_OBJC_MSGSEND = YES;
				GCC_C_LANGUAGE_STANDARD = gnu11;
				GCC_NO_COMMON_BLOCKS = YES;
				GCC_WARN_64_TO_32_BIT_CONVERSION = YES;
				GCC_WARN_ABOUT_RETURN_TYPE = YES_ERROR;
				GCC_WARN_UNDECLARED_SELECTOR = YES;
				GCC_WARN_UNINITIALIZED_AUTOS = YES_AGGRESSIVE;
				GCC_WARN_UNUSED_FUNCTION = YES;
				GCC_WARN_UNUSED_VARIABLE = YES;
				IPHONEOS_DEPLOYMENT_TARGET = 14.5;
				MTL_ENABLE_DEBUG_INFO = NO;
				MTL_FAST_MATH = YES;
				SDKROOT = iphoneos;
				SWIFT_COMPILATION_MODE = wholemodule;
				SWIFT_OPTIMIZATION_LEVEL = "-O";
				VALIDATE_PRODUCT = YES;
			};
			name = Release;
		};
		708FBB6E27056E070099BBAD /* Debug */ = {
			isa = XCBuildConfiguration;
			buildSettings = {
				ASSETCATALOG_COMPILER_APPICON_NAME = AppIcon;
				ASSETCATALOG_COMPILER_GLOBAL_ACCENT_COLOR_NAME = AccentColor;
				CODE_SIGN_IDENTITY = "Apple Development";
				CODE_SIGN_STYLE = Automatic;
				DEVELOPMENT_ASSET_PATHS = "\"Simple Damage Calc/Preview Content\"";
				DEVELOPMENT_TEAM = PM9Q92D2LG;
				ENABLE_PREVIEWS = YES;
				INFOPLIST_FILE = "Simple Damage Calc/Info.plist";
				IPHONEOS_DEPLOYMENT_TARGET = 14.0;
				LD_RUNPATH_SEARCH_PATHS = (
					"$(inherited)",
					"@executable_path/Frameworks",
				);
				PRODUCT_BUNDLE_IDENTIFIER = "JaceJoseph.Simple-Damage-Calc";
				PRODUCT_NAME = "$(TARGET_NAME)";
				PROVISIONING_PROFILE_SPECIFIER = "";
				SWIFT_VERSION = 5.0;
				TARGETED_DEVICE_FAMILY = "1,2";
			};
			name = Debug;
		};
		708FBB6F27056E070099BBAD /* Release */ = {
			isa = XCBuildConfiguration;
			buildSettings = {
				ASSETCATALOG_COMPILER_APPICON_NAME = AppIcon;
				ASSETCATALOG_COMPILER_GLOBAL_ACCENT_COLOR_NAME = AccentColor;
				CODE_SIGN_IDENTITY = "Apple Development";
				CODE_SIGN_STYLE = Automatic;
				DEVELOPMENT_ASSET_PATHS = "\"Simple Damage Calc/Preview Content\"";
				DEVELOPMENT_TEAM = PM9Q92D2LG;
				ENABLE_PREVIEWS = YES;
				INFOPLIST_FILE = "Simple Damage Calc/Info.plist";
				IPHONEOS_DEPLOYMENT_TARGET = 14.0;
				LD_RUNPATH_SEARCH_PATHS = (
					"$(inherited)",
					"@executable_path/Frameworks",
				);
				PRODUCT_BUNDLE_IDENTIFIER = "JaceJoseph.Simple-Damage-Calc";
				PRODUCT_NAME = "$(TARGET_NAME)";
				PROVISIONING_PROFILE_SPECIFIER = "";
				SWIFT_VERSION = 5.0;
				TARGETED_DEVICE_FAMILY = "1,2";
			};
			name = Release;
		};
/* End XCBuildConfiguration section */

/* Begin XCConfigurationList section */
		708FBB5927056E030099BBAD /* Build configuration list for PBXProject "Simple Damage Calc" */ = {
			isa = XCConfigurationList;
			buildConfigurations = (
				708FBB6B27056E070099BBAD /* Debug */,
				708FBB6C27056E070099BBAD /* Release */,
			);
			defaultConfigurationIsVisible = 0;
			defaultConfigurationName = Release;
		};
		708FBB6D27056E070099BBAD /* Build configuration list for PBXNativeTarget "Simple Damage Calc" */ = {
			isa = XCConfigurationList;
			buildConfigurations = (
				708FBB6E27056E070099BBAD /* Debug */,
				708FBB6F27056E070099BBAD /* Release */,
			);
			defaultConfigurationIsVisible = 0;
			defaultConfigurationName = Release;
		};
/* End XCConfigurationList section */
	};
	rootObject = 708FBB5627056E030099BBAD /* Project object */;
}
